
Microsoft Visual Studio Solution File, Format Version 12.00
# Visual Studio Version 17
VisualStudioVersion = 17.1.32407.343
MinimumVisualStudioVersion = 10.0.40219.1
Project("{2150E333-8FDC-42A3-9474-1A3956D46DE8}") = "src", "src", "{032C50C0-B7A2-4650-9611-0ACDB22BEC8A}"
EndProject
Project("{9A19103F-16F7-4668-BE54-9A1E7A4F7556}") = "FootprintViewer", "src\FootprintViewer\FootprintViewer.csproj", "{24057ADA-494C-461B-B3E6-A1A8FD80035F}"
EndProject
Project("{9A19103F-16F7-4668-BE54-9A1E7A4F7556}") = "FootprintViewer.Avalonia", "src\FootprintViewer.Avalonia\FootprintViewer.Avalonia.csproj", "{1EA2CBCF-3B1B-4FE7-945D-859CD8E5A55A}"
EndProject
Project("{2150E333-8FDC-42A3-9474-1A3956D46DE8}") = "samples", "samples", "{6184C0DB-894C-43A7-A55D-C3B76E234163}"
EndProject
Project("{9A19103F-16F7-4668-BE54-9A1E7A4F7556}") = "SatelliteGeometrySample", "samples\SatelliteGeometrySample\SatelliteGeometrySample.csproj", "{98455353-2A8B-43A0-879A-C41A72E40AF8}"
EndProject
Project("{9A19103F-16F7-4668-BE54-9A1E7A4F7556}") = "DatabaseCreatorSample", "Samples\DatabaseCreatorSample\DatabaseCreatorSample.csproj", "{BA8DC50E-3CC3-4697-AAEC-A62266388CC9}"
EndProject
Project("{9A19103F-16F7-4668-BE54-9A1E7A4F7556}") = "AsyncFilteringSample", "samples\AsyncFilteringSample\AsyncFilteringSample.csproj", "{A32B7C6F-5033-40CE-9341-0775EB39723D}"
EndProject
Project("{9A19103F-16F7-4668-BE54-9A1E7A4F7556}") = "UserGeometriesDatabaseSample", "samples\UserGeometriesDatabaseSample\UserGeometriesDatabaseSample.csproj", "{24215DAF-9729-468B-B045-A231BBE3AB6E}"
EndProject
Project("{2150E333-8FDC-42A3-9474-1A3956D46DE8}") = "build", "build", "{473DAAE7-5EF7-44C2-B217-F7E056BBA820}"
EndProject
Project("{9A19103F-16F7-4668-BE54-9A1E7A4F7556}") = "build", "build\build.csproj", "{E453D14F-E6BF-4F21-87C0-178D2EF5C1C5}"
EndProject
Project("{9A19103F-16F7-4668-BE54-9A1E7A4F7556}") = "DataSettingsSample", "samples\DataSettingsSample\DataSettingsSample.csproj", "{736AA808-3EAB-427B-83D9-0A156EC40CD5}"
EndProject
Project("{9A19103F-16F7-4668-BE54-9A1E7A4F7556}") = "JsonDataBuilderSample", "samples\JsonDataBuilderSample\JsonDataBuilderSample.csproj", "{56FF3075-9CE6-4DEE-9F5A-7E3A23F342F5}"
EndProject
Project("{9A19103F-16F7-4668-BE54-9A1E7A4F7556}") = "Mapsui.Interactivity", "..\MapsuiInteractivity\src\Mapsui.Interactivity\Mapsui.Interactivity.csproj", "{97A76827-0157-4E45-96AA-773B5EB37E11}"
EndProject
Project("{9A19103F-16F7-4668-BE54-9A1E7A4F7556}") = "Mapsui.Interactivity.UI", "..\MapsuiInteractivity\src\Mapsui.Interactivity.UI\Mapsui.Interactivity.UI.csproj", "{69683201-2A67-4D20-957E-1AB7093B22FA}"
EndProject
Project("{9A19103F-16F7-4668-BE54-9A1E7A4F7556}") = "Mapsui.Interactivity.UI.Avalonia", "..\MapsuiInteractivity\src\Mapsui.Interactivity.UI.Avalonia\Mapsui.Interactivity.UI.Avalonia.csproj", "{1DEFB36C-B754-4A6B-A0F5-E5366DC83338}"
EndProject
Project("{9A19103F-16F7-4668-BE54-9A1E7A4F7556}") = "SpaceScience", "src\SpaceScience\SpaceScience.csproj", "{3ABAFE10-F7E4-4348-9F92-459FAB9D3770}"
EndProject
Project("{2150E333-8FDC-42A3-9474-1A3956D46DE8}") = "tests", "tests", "{DA262A54-175F-4675-ABA8-5F37C5145BA8}"
EndProject
Project("{9A19103F-16F7-4668-BE54-9A1E7A4F7556}") = "FootprintViewer.UnitTests", "tests\FootprintViewer.UnitTests\FootprintViewer.UnitTests.csproj", "{4EC768DC-D7B6-4BEB-A1DD-14EE68D4F9B1}"
EndProject
Project("{9A19103F-16F7-4668-BE54-9A1E7A4F7556}") = "PlannedScheduleViewerSample", "samples\PlannedScheduleViewerSample\PlannedScheduleViewerSample.csproj", "{8ADDAC8A-7C31-4ECB-A828-0D4829FA623E}"
EndProject
Project("{9A19103F-16F7-4668-BE54-9A1E7A4F7556}") = "TimeDataViewer", "..\TimeDataViewer\TimeDataViewer\src\TimeDataViewer\TimeDataViewer.csproj", "{7CEF8DBB-DC81-47BC-BFA5-678686F50808}"
EndProject
Project("{9A19103F-16F7-4668-BE54-9A1E7A4F7556}") = "FootprintViewer.Data", "src\FootprintViewer.Data\FootprintViewer.Data.csproj", "{D113C86C-6E81-416B-A1FE-FEDCE204E04B}"
EndProject
Project("{9A19103F-16F7-4668-BE54-9A1E7A4F7556}") = "TimeDataViewerLite", "..\TimeDataViewer\TimeDataViewer\src\TimeDataViewerLite\TimeDataViewerLite.csproj", "{754D90F2-424C-40DB-9CE7-89A4BAB500E7}"
EndProject
Project("{FAE04EC0-301F-11D3-BF4B-00C04F79EFBC}") = "ToolBarSample", "samples\ToolBarSample\ToolBarSample.csproj", "{78D8150F-3BA3-4E37-8FD7-590D0B30BED2}"
EndProject
Global
	GlobalSection(SolutionConfigurationPlatforms) = preSolution
		Debug|Any CPU = Debug|Any CPU
		Release|Any CPU = Release|Any CPU
	EndGlobalSection
	GlobalSection(ProjectConfigurationPlatforms) = postSolution
		{24057ADA-494C-461B-B3E6-A1A8FD80035F}.Debug|Any CPU.ActiveCfg = Debug|Any CPU
		{24057ADA-494C-461B-B3E6-A1A8FD80035F}.Debug|Any CPU.Build.0 = Debug|Any CPU
		{24057ADA-494C-461B-B3E6-A1A8FD80035F}.Release|Any CPU.ActiveCfg = Release|Any CPU
		{24057ADA-494C-461B-B3E6-A1A8FD80035F}.Release|Any CPU.Build.0 = Release|Any CPU
		{1EA2CBCF-3B1B-4FE7-945D-859CD8E5A55A}.Debug|Any CPU.ActiveCfg = Debug|Any CPU
		{1EA2CBCF-3B1B-4FE7-945D-859CD8E5A55A}.Debug|Any CPU.Build.0 = Debug|Any CPU
		{1EA2CBCF-3B1B-4FE7-945D-859CD8E5A55A}.Release|Any CPU.ActiveCfg = Release|Any CPU
		{1EA2CBCF-3B1B-4FE7-945D-859CD8E5A55A}.Release|Any CPU.Build.0 = Release|Any CPU
		{98455353-2A8B-43A0-879A-C41A72E40AF8}.Debug|Any CPU.ActiveCfg = Debug|Any CPU
		{98455353-2A8B-43A0-879A-C41A72E40AF8}.Debug|Any CPU.Build.0 = Debug|Any CPU
		{98455353-2A8B-43A0-879A-C41A72E40AF8}.Release|Any CPU.ActiveCfg = Release|Any CPU
		{98455353-2A8B-43A0-879A-C41A72E40AF8}.Release|Any CPU.Build.0 = Release|Any CPU
		{BA8DC50E-3CC3-4697-AAEC-A62266388CC9}.Debug|Any CPU.ActiveCfg = Debug|Any CPU
		{BA8DC50E-3CC3-4697-AAEC-A62266388CC9}.Debug|Any CPU.Build.0 = Debug|Any CPU
		{BA8DC50E-3CC3-4697-AAEC-A62266388CC9}.Release|Any CPU.ActiveCfg = Release|Any CPU
		{BA8DC50E-3CC3-4697-AAEC-A62266388CC9}.Release|Any CPU.Build.0 = Release|Any CPU
		{A32B7C6F-5033-40CE-9341-0775EB39723D}.Debug|Any CPU.ActiveCfg = Debug|Any CPU
		{A32B7C6F-5033-40CE-9341-0775EB39723D}.Debug|Any CPU.Build.0 = Debug|Any CPU
		{A32B7C6F-5033-40CE-9341-0775EB39723D}.Release|Any CPU.ActiveCfg = Release|Any CPU
		{A32B7C6F-5033-40CE-9341-0775EB39723D}.Release|Any CPU.Build.0 = Release|Any CPU
		{24215DAF-9729-468B-B045-A231BBE3AB6E}.Debug|Any CPU.ActiveCfg = Debug|Any CPU
		{24215DAF-9729-468B-B045-A231BBE3AB6E}.Debug|Any CPU.Build.0 = Debug|Any CPU
		{24215DAF-9729-468B-B045-A231BBE3AB6E}.Release|Any CPU.ActiveCfg = Release|Any CPU
		{24215DAF-9729-468B-B045-A231BBE3AB6E}.Release|Any CPU.Build.0 = Release|Any CPU
		{E453D14F-E6BF-4F21-87C0-178D2EF5C1C5}.Debug|Any CPU.ActiveCfg = Debug|Any CPU
		{E453D14F-E6BF-4F21-87C0-178D2EF5C1C5}.Debug|Any CPU.Build.0 = Debug|Any CPU
		{E453D14F-E6BF-4F21-87C0-178D2EF5C1C5}.Release|Any CPU.ActiveCfg = Release|Any CPU
		{E453D14F-E6BF-4F21-87C0-178D2EF5C1C5}.Release|Any CPU.Build.0 = Release|Any CPU
		{736AA808-3EAB-427B-83D9-0A156EC40CD5}.Debug|Any CPU.ActiveCfg = Debug|Any CPU
		{736AA808-3EAB-427B-83D9-0A156EC40CD5}.Debug|Any CPU.Build.0 = Debug|Any CPU
		{736AA808-3EAB-427B-83D9-0A156EC40CD5}.Release|Any CPU.ActiveCfg = Release|Any CPU
		{736AA808-3EAB-427B-83D9-0A156EC40CD5}.Release|Any CPU.Build.0 = Release|Any CPU
		{56FF3075-9CE6-4DEE-9F5A-7E3A23F342F5}.Debug|Any CPU.ActiveCfg = Debug|Any CPU
		{56FF3075-9CE6-4DEE-9F5A-7E3A23F342F5}.Debug|Any CPU.Build.0 = Debug|Any CPU
		{56FF3075-9CE6-4DEE-9F5A-7E3A23F342F5}.Release|Any CPU.ActiveCfg = Release|Any CPU
		{56FF3075-9CE6-4DEE-9F5A-7E3A23F342F5}.Release|Any CPU.Build.0 = Release|Any CPU
		{97A76827-0157-4E45-96AA-773B5EB37E11}.Debug|Any CPU.ActiveCfg = Debug|Any CPU
		{97A76827-0157-4E45-96AA-773B5EB37E11}.Debug|Any CPU.Build.0 = Debug|Any CPU
		{97A76827-0157-4E45-96AA-773B5EB37E11}.Release|Any CPU.ActiveCfg = Release|Any CPU
		{97A76827-0157-4E45-96AA-773B5EB37E11}.Release|Any CPU.Build.0 = Release|Any CPU
		{69683201-2A67-4D20-957E-1AB7093B22FA}.Debug|Any CPU.ActiveCfg = Debug|Any CPU
		{69683201-2A67-4D20-957E-1AB7093B22FA}.Debug|Any CPU.Build.0 = Debug|Any CPU
		{69683201-2A67-4D20-957E-1AB7093B22FA}.Release|Any CPU.ActiveCfg = Release|Any CPU
		{69683201-2A67-4D20-957E-1AB7093B22FA}.Release|Any CPU.Build.0 = Release|Any CPU
		{1DEFB36C-B754-4A6B-A0F5-E5366DC83338}.Debug|Any CPU.ActiveCfg = Debug|Any CPU
		{1DEFB36C-B754-4A6B-A0F5-E5366DC83338}.Debug|Any CPU.Build.0 = Debug|Any CPU
		{1DEFB36C-B754-4A6B-A0F5-E5366DC83338}.Release|Any CPU.ActiveCfg = Release|Any CPU
		{1DEFB36C-B754-4A6B-A0F5-E5366DC83338}.Release|Any CPU.Build.0 = Release|Any CPU
		{3ABAFE10-F7E4-4348-9F92-459FAB9D3770}.Debug|Any CPU.ActiveCfg = Debug|Any CPU
		{3ABAFE10-F7E4-4348-9F92-459FAB9D3770}.Debug|Any CPU.Build.0 = Debug|Any CPU
		{3ABAFE10-F7E4-4348-9F92-459FAB9D3770}.Release|Any CPU.ActiveCfg = Release|Any CPU
		{3ABAFE10-F7E4-4348-9F92-459FAB9D3770}.Release|Any CPU.Build.0 = Release|Any CPU
		{4EC768DC-D7B6-4BEB-A1DD-14EE68D4F9B1}.Debug|Any CPU.ActiveCfg = Debug|Any CPU
		{4EC768DC-D7B6-4BEB-A1DD-14EE68D4F9B1}.Debug|Any CPU.Build.0 = Debug|Any CPU
		{4EC768DC-D7B6-4BEB-A1DD-14EE68D4F9B1}.Release|Any CPU.ActiveCfg = Release|Any CPU
		{4EC768DC-D7B6-4BEB-A1DD-14EE68D4F9B1}.Release|Any CPU.Build.0 = Release|Any CPU
		{8ADDAC8A-7C31-4ECB-A828-0D4829FA623E}.Debug|Any CPU.ActiveCfg = Debug|Any CPU
		{8ADDAC8A-7C31-4ECB-A828-0D4829FA623E}.Debug|Any CPU.Build.0 = Debug|Any CPU
		{8ADDAC8A-7C31-4ECB-A828-0D4829FA623E}.Release|Any CPU.ActiveCfg = Release|Any CPU
		{8ADDAC8A-7C31-4ECB-A828-0D4829FA623E}.Release|Any CPU.Build.0 = Release|Any CPU
		{7CEF8DBB-DC81-47BC-BFA5-678686F50808}.Debug|Any CPU.ActiveCfg = Debug|Any CPU
		{7CEF8DBB-DC81-47BC-BFA5-678686F50808}.Debug|Any CPU.Build.0 = Debug|Any CPU
		{7CEF8DBB-DC81-47BC-BFA5-678686F50808}.Release|Any CPU.ActiveCfg = Release|Any CPU
		{7CEF8DBB-DC81-47BC-BFA5-678686F50808}.Release|Any CPU.Build.0 = Release|Any CPU
		{D113C86C-6E81-416B-A1FE-FEDCE204E04B}.Debug|Any CPU.ActiveCfg = Debug|Any CPU
		{D113C86C-6E81-416B-A1FE-FEDCE204E04B}.Debug|Any CPU.Build.0 = Debug|Any CPU
		{D113C86C-6E81-416B-A1FE-FEDCE204E04B}.Release|Any CPU.ActiveCfg = Release|Any CPU
		{D113C86C-6E81-416B-A1FE-FEDCE204E04B}.Release|Any CPU.Build.0 = Release|Any CPU
		{754D90F2-424C-40DB-9CE7-89A4BAB500E7}.Debug|Any CPU.ActiveCfg = Debug|Any CPU
		{754D90F2-424C-40DB-9CE7-89A4BAB500E7}.Debug|Any CPU.Build.0 = Debug|Any CPU
		{754D90F2-424C-40DB-9CE7-89A4BAB500E7}.Release|Any CPU.ActiveCfg = Release|Any CPU
		{754D90F2-424C-40DB-9CE7-89A4BAB500E7}.Release|Any CPU.Build.0 = Release|Any CPU
		{78D8150F-3BA3-4E37-8FD7-590D0B30BED2}.Debug|Any CPU.ActiveCfg = Debug|Any CPU
		{78D8150F-3BA3-4E37-8FD7-590D0B30BED2}.Debug|Any CPU.Build.0 = Debug|Any CPU
		{78D8150F-3BA3-4E37-8FD7-590D0B30BED2}.Release|Any CPU.ActiveCfg = Release|Any CPU
		{78D8150F-3BA3-4E37-8FD7-590D0B30BED2}.Release|Any CPU.Build.0 = Release|Any CPU
	EndGlobalSection
	GlobalSection(SolutionProperties) = preSolution
		HideSolutionNode = FALSE
	EndGlobalSection
	GlobalSection(NestedProjects) = preSolution
		{24057ADA-494C-461B-B3E6-A1A8FD80035F} = {032C50C0-B7A2-4650-9611-0ACDB22BEC8A}
		{1EA2CBCF-3B1B-4FE7-945D-859CD8E5A55A} = {032C50C0-B7A2-4650-9611-0ACDB22BEC8A}
		{98455353-2A8B-43A0-879A-C41A72E40AF8} = {6184C0DB-894C-43A7-A55D-C3B76E234163}
		{BA8DC50E-3CC3-4697-AAEC-A62266388CC9} = {6184C0DB-894C-43A7-A55D-C3B76E234163}
		{A32B7C6F-5033-40CE-9341-0775EB39723D} = {6184C0DB-894C-43A7-A55D-C3B76E234163}
		{24215DAF-9729-468B-B045-A231BBE3AB6E} = {6184C0DB-894C-43A7-A55D-C3B76E234163}
		{E453D14F-E6BF-4F21-87C0-178D2EF5C1C5} = {473DAAE7-5EF7-44C2-B217-F7E056BBA820}
		{736AA808-3EAB-427B-83D9-0A156EC40CD5} = {6184C0DB-894C-43A7-A55D-C3B76E234163}
		{56FF3075-9CE6-4DEE-9F5A-7E3A23F342F5} = {6184C0DB-894C-43A7-A55D-C3B76E234163}
		{97A76827-0157-4E45-96AA-773B5EB37E11} = {032C50C0-B7A2-4650-9611-0ACDB22BEC8A}
		{69683201-2A67-4D20-957E-1AB7093B22FA} = {032C50C0-B7A2-4650-9611-0ACDB22BEC8A}
		{1DEFB36C-B754-4A6B-A0F5-E5366DC83338} = {032C50C0-B7A2-4650-9611-0ACDB22BEC8A}
		{3ABAFE10-F7E4-4348-9F92-459FAB9D3770} = {032C50C0-B7A2-4650-9611-0ACDB22BEC8A}
		{4EC768DC-D7B6-4BEB-A1DD-14EE68D4F9B1} = {DA262A54-175F-4675-ABA8-5F37C5145BA8}
		{8ADDAC8A-7C31-4ECB-A828-0D4829FA623E} = {6184C0DB-894C-43A7-A55D-C3B76E234163}
		{7CEF8DBB-DC81-47BC-BFA5-678686F50808} = {032C50C0-B7A2-4650-9611-0ACDB22BEC8A}
		{D113C86C-6E81-416B-A1FE-FEDCE204E04B} = {032C50C0-B7A2-4650-9611-0ACDB22BEC8A}
		{754D90F2-424C-40DB-9CE7-89A4BAB500E7} = {032C50C0-B7A2-4650-9611-0ACDB22BEC8A}
		{78D8150F-3BA3-4E37-8FD7-590D0B30BED2} = {6184C0DB-894C-43A7-A55D-C3B76E234163}
	EndGlobalSection
	GlobalSection(ExtensibilityGlobals) = postSolution
		SolutionGuid = {DA46E11F-6A62-4684-82C3-F08F9E1279F3}
	EndGlobalSection
EndGlobal
