
Microsoft Visual Studio Solution File, Format Version 12.00
# Visual Studio Version 16
VisualStudioVersion = 16.0.31515.178
MinimumVisualStudioVersion = 10.0.40219.1
Project("{2150E333-8FDC-42A3-9474-1A3956D46DE8}") = "src", "src", "{032C50C0-B7A2-4650-9611-0ACDB22BEC8A}"
EndProject
Project("{9A19103F-16F7-4668-BE54-9A1E7A4F7556}") = "FootprintViewer", "src\FootprintViewer\FootprintViewer.csproj", "{24057ADA-494C-461B-B3E6-A1A8FD80035F}"
EndProject
Project("{9A19103F-16F7-4668-BE54-9A1E7A4F7556}") = "FootprintViewer.Avalonia", "src\FootprintViewer.Avalonia\FootprintViewer.Avalonia.csproj", "{1EA2CBCF-3B1B-4FE7-945D-859CD8E5A55A}"
EndProject
Project("{2150E333-8FDC-42A3-9474-1A3956D46DE8}") = "samples", "samples", "{6184C0DB-894C-43A7-A55D-C3B76E234163}"
EndProject
Project("{9A19103F-16F7-4668-BE54-9A1E7A4F7556}") = "SatelliteGeometrySample", "samples\SatelliteGeometrySample\SatelliteGeometrySample.csproj", "{98455353-2A8B-43A0-879A-C41A72E40AF8}"
EndProject
Project("{9A19103F-16F7-4668-BE54-9A1E7A4F7556}") = "DatabaseCreatorSample", "Samples\DatabaseCreatorSample\DatabaseCreatorSample.csproj", "{BA8DC50E-3CC3-4697-AAEC-A62266388CC9}"
EndProject
Project("{9A19103F-16F7-4668-BE54-9A1E7A4F7556}") = "InteractivitySample", "samples\InteractivitySample\InteractivitySample.csproj", "{7F7535A0-833F-4EEE-B67C-2DCF9F4E3913}"
EndProject
Project("{9A19103F-16F7-4668-BE54-9A1E7A4F7556}") = "AsyncFilteringSample", "samples\AsyncFilteringSample\AsyncFilteringSample.csproj", "{A32B7C6F-5033-40CE-9341-0775EB39723D}"
EndProject
Project("{9A19103F-16F7-4668-BE54-9A1E7A4F7556}") = "UserGeometriesDatabaseSample", "samples\UserGeometriesDatabaseSample\UserGeometriesDatabaseSample.csproj", "{24215DAF-9729-468B-B045-A231BBE3AB6E}"
EndProject
Project("{2150E333-8FDC-42A3-9474-1A3956D46DE8}") = "build", "build", "{473DAAE7-5EF7-44C2-B217-F7E056BBA820}"
EndProject
Project("{9A19103F-16F7-4668-BE54-9A1E7A4F7556}") = "build", "build\build.csproj", "{E453D14F-E6BF-4F21-87C0-178D2EF5C1C5}"
EndProject
Project("{9A19103F-16F7-4668-BE54-9A1E7A4F7556}") = "FootprintViewer.WPF", "src\FootprintViewer.WPF\FootprintViewer.WPF.csproj", "{B71E2D88-E050-47E4-95B4-5E2E9806D447}"
EndProject
Global
	GlobalSection(SolutionConfigurationPlatforms) = preSolution
		Debug|Any CPU = Debug|Any CPU
		Release|Any CPU = Release|Any CPU
	EndGlobalSection
	GlobalSection(ProjectConfigurationPlatforms) = postSolution
		{24057ADA-494C-461B-B3E6-A1A8FD80035F}.Debug|Any CPU.ActiveCfg = Debug|Any CPU
		{24057ADA-494C-461B-B3E6-A1A8FD80035F}.Debug|Any CPU.Build.0 = Debug|Any CPU
		{24057ADA-494C-461B-B3E6-A1A8FD80035F}.Release|Any CPU.ActiveCfg = Release|Any CPU
		{24057ADA-494C-461B-B3E6-A1A8FD80035F}.Release|Any CPU.Build.0 = Release|Any CPU
		{1EA2CBCF-3B1B-4FE7-945D-859CD8E5A55A}.Debug|Any CPU.ActiveCfg = Debug|Any CPU
		{1EA2CBCF-3B1B-4FE7-945D-859CD8E5A55A}.Debug|Any CPU.Build.0 = Debug|Any CPU
		{1EA2CBCF-3B1B-4FE7-945D-859CD8E5A55A}.Release|Any CPU.ActiveCfg = Release|Any CPU
		{1EA2CBCF-3B1B-4FE7-945D-859CD8E5A55A}.Release|Any CPU.Build.0 = Release|Any CPU
		{98455353-2A8B-43A0-879A-C41A72E40AF8}.Debug|Any CPU.ActiveCfg = Debug|Any CPU
		{98455353-2A8B-43A0-879A-C41A72E40AF8}.Debug|Any CPU.Build.0 = Debug|Any CPU
		{98455353-2A8B-43A0-879A-C41A72E40AF8}.Release|Any CPU.ActiveCfg = Release|Any CPU
		{98455353-2A8B-43A0-879A-C41A72E40AF8}.Release|Any CPU.Build.0 = Release|Any CPU
		{BA8DC50E-3CC3-4697-AAEC-A62266388CC9}.Debug|Any CPU.ActiveCfg = Debug|Any CPU
		{BA8DC50E-3CC3-4697-AAEC-A62266388CC9}.Debug|Any CPU.Build.0 = Debug|Any CPU
		{BA8DC50E-3CC3-4697-AAEC-A62266388CC9}.Release|Any CPU.ActiveCfg = Release|Any CPU
		{BA8DC50E-3CC3-4697-AAEC-A62266388CC9}.Release|Any CPU.Build.0 = Release|Any CPU
		{7F7535A0-833F-4EEE-B67C-2DCF9F4E3913}.Debug|Any CPU.ActiveCfg = Debug|Any CPU
		{7F7535A0-833F-4EEE-B67C-2DCF9F4E3913}.Debug|Any CPU.Build.0 = Debug|Any CPU
		{7F7535A0-833F-4EEE-B67C-2DCF9F4E3913}.Release|Any CPU.ActiveCfg = Release|Any CPU
		{7F7535A0-833F-4EEE-B67C-2DCF9F4E3913}.Release|Any CPU.Build.0 = Release|Any CPU
		{A32B7C6F-5033-40CE-9341-0775EB39723D}.Debug|Any CPU.ActiveCfg = Debug|Any CPU
		{A32B7C6F-5033-40CE-9341-0775EB39723D}.Debug|Any CPU.Build.0 = Debug|Any CPU
		{A32B7C6F-5033-40CE-9341-0775EB39723D}.Release|Any CPU.ActiveCfg = Release|Any CPU
		{A32B7C6F-5033-40CE-9341-0775EB39723D}.Release|Any CPU.Build.0 = Release|Any CPU
		{24215DAF-9729-468B-B045-A231BBE3AB6E}.Debug|Any CPU.ActiveCfg = Debug|Any CPU
		{24215DAF-9729-468B-B045-A231BBE3AB6E}.Debug|Any CPU.Build.0 = Debug|Any CPU
		{24215DAF-9729-468B-B045-A231BBE3AB6E}.Release|Any CPU.ActiveCfg = Release|Any CPU
		{24215DAF-9729-468B-B045-A231BBE3AB6E}.Release|Any CPU.Build.0 = Release|Any CPU
		{E453D14F-E6BF-4F21-87C0-178D2EF5C1C5}.Debug|Any CPU.ActiveCfg = Debug|Any CPU
		{E453D14F-E6BF-4F21-87C0-178D2EF5C1C5}.Debug|Any CPU.Build.0 = Debug|Any CPU
		{E453D14F-E6BF-4F21-87C0-178D2EF5C1C5}.Release|Any CPU.ActiveCfg = Release|Any CPU
		{E453D14F-E6BF-4F21-87C0-178D2EF5C1C5}.Release|Any CPU.Build.0 = Release|Any CPU
		{B71E2D88-E050-47E4-95B4-5E2E9806D447}.Debug|Any CPU.ActiveCfg = Debug|Any CPU
		{B71E2D88-E050-47E4-95B4-5E2E9806D447}.Debug|Any CPU.Build.0 = Debug|Any CPU
		{B71E2D88-E050-47E4-95B4-5E2E9806D447}.Release|Any CPU.ActiveCfg = Release|Any CPU
		{B71E2D88-E050-47E4-95B4-5E2E9806D447}.Release|Any CPU.Build.0 = Release|Any CPU
	EndGlobalSection
	GlobalSection(SolutionProperties) = preSolution
		HideSolutionNode = FALSE
	EndGlobalSection
	GlobalSection(NestedProjects) = preSolution
		{24057ADA-494C-461B-B3E6-A1A8FD80035F} = {032C50C0-B7A2-4650-9611-0ACDB22BEC8A}
		{1EA2CBCF-3B1B-4FE7-945D-859CD8E5A55A} = {032C50C0-B7A2-4650-9611-0ACDB22BEC8A}
		{98455353-2A8B-43A0-879A-C41A72E40AF8} = {6184C0DB-894C-43A7-A55D-C3B76E234163}
		{BA8DC50E-3CC3-4697-AAEC-A62266388CC9} = {6184C0DB-894C-43A7-A55D-C3B76E234163}
		{7F7535A0-833F-4EEE-B67C-2DCF9F4E3913} = {6184C0DB-894C-43A7-A55D-C3B76E234163}
		{A32B7C6F-5033-40CE-9341-0775EB39723D} = {6184C0DB-894C-43A7-A55D-C3B76E234163}
		{24215DAF-9729-468B-B045-A231BBE3AB6E} = {6184C0DB-894C-43A7-A55D-C3B76E234163}
		{E453D14F-E6BF-4F21-87C0-178D2EF5C1C5} = {473DAAE7-5EF7-44C2-B217-F7E056BBA820}
		{B71E2D88-E050-47E4-95B4-5E2E9806D447} = {032C50C0-B7A2-4650-9611-0ACDB22BEC8A}
	EndGlobalSection
	GlobalSection(ExtensibilityGlobals) = postSolution
		SolutionGuid = {DA46E11F-6A62-4684-82C3-F08F9E1279F3}
	EndGlobalSection
EndGlobal
